// !$*UTF8*$!
{
	archiveVersion = 1;
	classes = {
	};
	objectVersion = 46;
	objects = {

/* Begin PBXBuildFile section */
		3402ED8A1F7102D100B46571 /* AppDelegate.swift in Sources */ = {isa = PBXBuildFile; fileRef = 3402ED891F7102D100B46571 /* AppDelegate.swift */; };
		3402ED911F7102D100B46571 /* Assets.xcassets in Resources */ = {isa = PBXBuildFile; fileRef = 3402ED901F7102D100B46571 /* Assets.xcassets */; };
		3402ED9F1F7102D100B46571 /* AutoAlignButtonDemoTests.swift in Sources */ = {isa = PBXBuildFile; fileRef = 3402ED9E1F7102D100B46571 /* AutoAlignButtonDemoTests.swift */; };
		3402EDAA1F7102D100B46571 /* AutoAlignButtonDemoUITests.swift in Sources */ = {isa = PBXBuildFile; fileRef = 3402EDA91F7102D100B46571 /* AutoAlignButtonDemoUITests.swift */; };
		3402EDBA1F7102F100B46571 /* DynamicViewController.swift in Sources */ = {isa = PBXBuildFile; fileRef = 3402EDB71F7102F100B46571 /* DynamicViewController.swift */; };
		3402EDBB1F7102F100B46571 /* AutoAlignView.swift in Sources */ = {isa = PBXBuildFile; fileRef = 3402EDB81F7102F100B46571 /* AutoAlignView.swift */; };
		3402EDBC1F7102F100B46571 /* Main.storyboard in Resources */ = {isa = PBXBuildFile; fileRef = 3402EDB91F7102F100B46571 /* Main.storyboard */; };
		341688691F8B1FE20001D8D3 /* MultipleViewController.swift in Sources */ = {isa = PBXBuildFile; fileRef = 341688681F8B1FE20001D8D3 /* MultipleViewController.swift */; };
		3416886B1F8B200A0001D8D3 /* MultipleTagView.swift in Sources */ = {isa = PBXBuildFile; fileRef = 3416886A1F8B200A0001D8D3 /* MultipleTagView.swift */; };
		3416886D1F8B20A00001D8D3 /* MultipleCell.swift in Sources */ = {isa = PBXBuildFile; fileRef = 3416886C1F8B209F0001D8D3 /* MultipleCell.swift */; };
		52699B1C20E9B75F006B97E1 /* LaunchScreen.storyboard in Resources */ = {isa = PBXBuildFile; fileRef = 52699B1A20E9B75F006B97E1 /* LaunchScreen.storyboard */; };
		52699B1D20E9B75F006B97E1 /* Default.png in Resources */ = {isa = PBXBuildFile; fileRef = 52699B1B20E9B75F006B97E1 /* Default.png */; };
		526EBFFC214A083C002895A8 /* ImageTextButton.swift in Sources */ = {isa = PBXBuildFile; fileRef = 526EBFFB214A083B002895A8 /* ImageTextButton.swift */; };
/* End PBXBuildFile section */

/* Begin PBXContainerItemProxy section */
		3402ED9B1F7102D100B46571 /* PBXContainerItemProxy */ = {
			isa = PBXContainerItemProxy;
			containerPortal = 3402ED7E1F7102D100B46571 /* Project object */;
			proxyType = 1;
			remoteGlobalIDString = 3402ED851F7102D100B46571;
			remoteInfo = AutoAlignButtonDemo;
		};
		3402EDA61F7102D100B46571 /* PBXContainerItemProxy */ = {
			isa = PBXContainerItemProxy;
			containerPortal = 3402ED7E1F7102D100B46571 /* Project object */;
			proxyType = 1;
			remoteGlobalIDString = 3402ED851F7102D100B46571;
			remoteInfo = AutoAlignButtonDemo;
		};
/* End PBXContainerItemProxy section */

/* Begin PBXFileReference section */
		3402ED861F7102D100B46571 /* AutoAlignButtonDemo.app */ = {isa = PBXFileReference; explicitFileType = wrapper.application; includeInIndex = 0; path = AutoAlignButtonDemo.app; sourceTree = BUILT_PRODUCTS_DIR; };
		3402ED891F7102D100B46571 /* AppDelegate.swift */ = {isa = PBXFileReference; lastKnownFileType = sourcecode.swift; path = AppDelegate.swift; sourceTree = "<group>"; };
		3402ED901F7102D100B46571 /* Assets.xcassets */ = {isa = PBXFileReference; lastKnownFileType = folder.assetcatalog; path = Assets.xcassets; sourceTree = "<group>"; };
		3402ED951F7102D100B46571 /* Info.plist */ = {isa = PBXFileReference; lastKnownFileType = text.plist.xml; path = Info.plist; sourceTree = "<group>"; };
		3402ED9A1F7102D100B46571 /* AutoAlignButtonDemoTests.xctest */ = {isa = PBXFileReference; explicitFileType = wrapper.cfbundle; includeInIndex = 0; path = AutoAlignButtonDemoTests.xctest; sourceTree = BUILT_PRODUCTS_DIR; };
		3402ED9E1F7102D100B46571 /* AutoAlignButtonDemoTests.swift */ = {isa = PBXFileReference; lastKnownFileType = sourcecode.swift; path = AutoAlignButtonDemoTests.swift; sourceTree = "<group>"; };
		3402EDA01F7102D100B46571 /* Info.plist */ = {isa = PBXFileReference; lastKnownFileType = text.plist.xml; path = Info.plist; sourceTree = "<group>"; };
		3402EDA51F7102D100B46571 /* AutoAlignButtonDemoUITests.xctest */ = {isa = PBXFileReference; explicitFileType = wrapper.cfbundle; includeInIndex = 0; path = AutoAlignButtonDemoUITests.xctest; sourceTree = BUILT_PRODUCTS_DIR; };
		3402EDA91F7102D100B46571 /* AutoAlignButtonDemoUITests.swift */ = {isa = PBXFileReference; lastKnownFileType = sourcecode.swift; path = AutoAlignButtonDemoUITests.swift; sourceTree = "<group>"; };
		3402EDAB1F7102D100B46571 /* Info.plist */ = {isa = PBXFileReference; lastKnownFileType = text.plist.xml; path = Info.plist; sourceTree = "<group>"; };
		3402EDB71F7102F100B46571 /* DynamicViewController.swift */ = {isa = PBXFileReference; fileEncoding = 4; lastKnownFileType = sourcecode.swift; path = DynamicViewController.swift; sourceTree = "<group>"; };
		3402EDB81F7102F100B46571 /* AutoAlignView.swift */ = {isa = PBXFileReference; fileEncoding = 4; lastKnownFileType = sourcecode.swift; path = AutoAlignView.swift; sourceTree = "<group>"; };
		3402EDB91F7102F100B46571 /* Main.storyboard */ = {isa = PBXFileReference; fileEncoding = 4; lastKnownFileType = file.storyboard; path = Main.storyboard; sourceTree = "<group>"; };
		341688681F8B1FE20001D8D3 /* MultipleViewController.swift */ = {isa = PBXFileReference; lastKnownFileType = sourcecode.swift; path = MultipleViewController.swift; sourceTree = "<group>"; };
		3416886A1F8B200A0001D8D3 /* MultipleTagView.swift */ = {isa = PBXFileReference; lastKnownFileType = sourcecode.swift; path = MultipleTagView.swift; sourceTree = "<group>"; };
		3416886C1F8B209F0001D8D3 /* MultipleCell.swift */ = {isa = PBXFileReference; lastKnownFileType = sourcecode.swift; path = MultipleCell.swift; sourceTree = "<group>"; };
		52699B1A20E9B75F006B97E1 /* LaunchScreen.storyboard */ = {isa = PBXFileReference; fileEncoding = 4; lastKnownFileType = file.storyboard; path = LaunchScreen.storyboard; sourceTree = "<group>"; };
		52699B1B20E9B75F006B97E1 /* Default.png */ = {isa = PBXFileReference; lastKnownFileType = image.png; path = Default.png; sourceTree = "<group>"; };
		526EBFFB214A083B002895A8 /* ImageTextButton.swift */ = {isa = PBXFileReference; fileEncoding = 4; lastKnownFileType = sourcecode.swift; path = ImageTextButton.swift; sourceTree = "<group>"; };
/* End PBXFileReference section */

/* Begin PBXFrameworksBuildPhase section */
		3402ED831F7102D100B46571 /* Frameworks */ = {
			isa = PBXFrameworksBuildPhase;
			buildActionMask = 2147483647;
			files = (
			);
			runOnlyForDeploymentPostprocessing = 0;
		};
		3402ED971F7102D100B46571 /* Frameworks */ = {
			isa = PBXFrameworksBuildPhase;
			buildActionMask = 2147483647;
			files = (
			);
			runOnlyForDeploymentPostprocessing = 0;
		};
		3402EDA21F7102D100B46571 /* Frameworks */ = {
			isa = PBXFrameworksBuildPhase;
			buildActionMask = 2147483647;
			files = (
			);
			runOnlyForDeploymentPostprocessing = 0;
		};
/* End PBXFrameworksBuildPhase section */

/* Begin PBXGroup section */
		3402ED7D1F7102D100B46571 = {
			isa = PBXGroup;
			children = (
				3402ED881F7102D100B46571 /* AutoAlignButtonDemo */,
				3402ED9D1F7102D100B46571 /* AutoAlignButtonDemoTests */,
				3402EDA81F7102D100B46571 /* AutoAlignButtonDemoUITests */,
				3402ED871F7102D100B46571 /* Products */,
			);
			sourceTree = "<group>";
		};
		3402ED871F7102D100B46571 /* Products */ = {
			isa = PBXGroup;
			children = (
				3402ED861F7102D100B46571 /* AutoAlignButtonDemo.app */,
				3402ED9A1F7102D100B46571 /* AutoAlignButtonDemoTests.xctest */,
				3402EDA51F7102D100B46571 /* AutoAlignButtonDemoUITests.xctest */,
			);
			name = Products;
			sourceTree = "<group>";
		};
		3402ED881F7102D100B46571 /* AutoAlignButtonDemo */ = {
			isa = PBXGroup;
			children = (
				3402ED891F7102D100B46571 /* AppDelegate.swift */,
				52699B1820E9B5C8006B97E1 /* Dynamic */,
				52699B1920E9B5E2006B97E1 /* Multiple */,
				3402EDB91F7102F100B46571 /* Main.storyboard */,
				3402ED901F7102D100B46571 /* Assets.xcassets */,
				52699B1B20E9B75F006B97E1 /* Default.png */,
				52699B1A20E9B75F006B97E1 /* LaunchScreen.storyboard */,
				3402ED951F7102D100B46571 /* Info.plist */,
			);
			path = AutoAlignButtonDemo;
			sourceTree = "<group>";
		};
		3402ED9D1F7102D100B46571 /* AutoAlignButtonDemoTests */ = {
			isa = PBXGroup;
			children = (
				3402ED9E1F7102D100B46571 /* AutoAlignButtonDemoTests.swift */,
				3402EDA01F7102D100B46571 /* Info.plist */,
			);
			path = AutoAlignButtonDemoTests;
			sourceTree = "<group>";
		};
		3402EDA81F7102D100B46571 /* AutoAlignButtonDemoUITests */ = {
			isa = PBXGroup;
			children = (
				3402EDA91F7102D100B46571 /* AutoAlignButtonDemoUITests.swift */,
				3402EDAB1F7102D100B46571 /* Info.plist */,
			);
			path = AutoAlignButtonDemoUITests;
			sourceTree = "<group>";
		};
		52699B1820E9B5C8006B97E1 /* Dynamic */ = {
			isa = PBXGroup;
			children = (
				3402EDB71F7102F100B46571 /* DynamicViewController.swift */,
				526EBFFB214A083B002895A8 /* ImageTextButton.swift */,
				3402EDB81F7102F100B46571 /* AutoAlignView.swift */,
			);
			path = Dynamic;
			sourceTree = "<group>";
		};
		52699B1920E9B5E2006B97E1 /* Multiple */ = {
			isa = PBXGroup;
			children = (
				341688681F8B1FE20001D8D3 /* MultipleViewController.swift */,
				3416886C1F8B209F0001D8D3 /* MultipleCell.swift */,
				3416886A1F8B200A0001D8D3 /* MultipleTagView.swift */,
			);
			path = Multiple;
			sourceTree = "<group>";
		};
/* End PBXGroup section */

/* Begin PBXNativeTarget section */
		3402ED851F7102D100B46571 /* AutoAlignButtonDemo */ = {
			isa = PBXNativeTarget;
			buildConfigurationList = 3402EDAE1F7102D100B46571 /* Build configuration list for PBXNativeTarget "AutoAlignButtonDemo" */;
			buildPhases = (
				3402ED821F7102D100B46571 /* Sources */,
				3402ED831F7102D100B46571 /* Frameworks */,
				3402ED841F7102D100B46571 /* Resources */,
			);
			buildRules = (
			);
			dependencies = (
			);
			name = AutoAlignButtonDemo;
			productName = AutoAlignButtonDemo;
			productReference = 3402ED861F7102D100B46571 /* AutoAlignButtonDemo.app */;
			productType = "com.apple.product-type.application";
		};
		3402ED991F7102D100B46571 /* AutoAlignButtonDemoTests */ = {
			isa = PBXNativeTarget;
			buildConfigurationList = 3402EDB11F7102D100B46571 /* Build configuration list for PBXNativeTarget "AutoAlignButtonDemoTests" */;
			buildPhases = (
				3402ED961F7102D100B46571 /* Sources */,
				3402ED971F7102D100B46571 /* Frameworks */,
				3402ED981F7102D100B46571 /* Resources */,
			);
			buildRules = (
			);
			dependencies = (
				3402ED9C1F7102D100B46571 /* PBXTargetDependency */,
			);
			name = AutoAlignButtonDemoTests;
			productName = AutoAlignButtonDemoTests;
			productReference = 3402ED9A1F7102D100B46571 /* AutoAlignButtonDemoTests.xctest */;
			productType = "com.apple.product-type.bundle.unit-test";
		};
		3402EDA41F7102D100B46571 /* AutoAlignButtonDemoUITests */ = {
			isa = PBXNativeTarget;
			buildConfigurationList = 3402EDB41F7102D100B46571 /* Build configuration list for PBXNativeTarget "AutoAlignButtonDemoUITests" */;
			buildPhases = (
				3402EDA11F7102D100B46571 /* Sources */,
				3402EDA21F7102D100B46571 /* Frameworks */,
				3402EDA31F7102D100B46571 /* Resources */,
			);
			buildRules = (
			);
			dependencies = (
				3402EDA71F7102D100B46571 /* PBXTargetDependency */,
			);
			name = AutoAlignButtonDemoUITests;
			productName = AutoAlignButtonDemoUITests;
			productReference = 3402EDA51F7102D100B46571 /* AutoAlignButtonDemoUITests.xctest */;
			productType = "com.apple.product-type.bundle.ui-testing";
		};
/* End PBXNativeTarget section */

/* Begin PBXProject section */
		3402ED7E1F7102D100B46571 /* Project object */ = {
			isa = PBXProject;
			attributes = {
				LastSwiftUpdateCheck = 0830;
				LastUpgradeCheck = 0830;
				ORGANIZATIONNAME = StevenXie;
				TargetAttributes = {
					3402ED851F7102D100B46571 = {
						CreatedOnToolsVersion = 8.3.3;
						DevelopmentTeam = 7QT42R489Z;
						ProvisioningStyle = Automatic;
					};
					3402ED991F7102D100B46571 = {
						CreatedOnToolsVersion = 8.3.3;
						ProvisioningStyle = Automatic;
						TestTargetID = 3402ED851F7102D100B46571;
					};
					3402EDA41F7102D100B46571 = {
						CreatedOnToolsVersion = 8.3.3;
						ProvisioningStyle = Automatic;
						TestTargetID = 3402ED851F7102D100B46571;
					};
				};
			};
			buildConfigurationList = 3402ED811F7102D100B46571 /* Build configuration list for PBXProject "AutoAlignButtonDemo" */;
			compatibilityVersion = "Xcode 3.2";
			developmentRegion = English;
			hasScannedForEncodings = 0;
			knownRegions = (
				en,
				Base,
			);
			mainGroup = 3402ED7D1F7102D100B46571;
			productRefGroup = 3402ED871F7102D100B46571 /* Products */;
			projectDirPath = "";
			projectRoot = "";
			targets = (
				3402ED851F7102D100B46571 /* AutoAlignButtonDemo */,
				3402ED991F7102D100B46571 /* AutoAlignButtonDemoTests */,
				3402EDA41F7102D100B46571 /* AutoAlignButtonDemoUITests */,
			);
		};
/* End PBXProject section */

/* Begin PBXResourcesBuildPhase section */
		3402ED841F7102D100B46571 /* Resources */ = {
			isa = PBXResourcesBuildPhase;
			buildActionMask = 2147483647;
			files = (
				52699B1C20E9B75F006B97E1 /* LaunchScreen.storyboard in Resources */,
				3402EDBC1F7102F100B46571 /* Main.storyboard in Resources */,
				3402ED911F7102D100B46571 /* Assets.xcassets in Resources */,
				52699B1D20E9B75F006B97E1 /* Default.png in Resources */,
			);
			runOnlyForDeploymentPostprocessing = 0;
		};
		3402ED981F7102D100B46571 /* Resources */ = {
			isa = PBXResourcesBuildPhase;
			buildActionMask = 2147483647;
			files = (
			);
			runOnlyForDeploymentPostprocessing = 0;
		};
		3402EDA31F7102D100B46571 /* Resources */ = {
			isa = PBXResourcesBuildPhase;
			buildActionMask = 2147483647;
			files = (
			);
			runOnlyForDeploymentPostprocessing = 0;
		};
/* End PBXResourcesBuildPhase section */

/* Begin PBXSourcesBuildPhase section */
		3402ED821F7102D100B46571 /* Sources */ = {
			isa = PBXSourcesBuildPhase;
			buildActionMask = 2147483647;
			files = (
				3402EDBA1F7102F100B46571 /* DynamicViewController.swift in Sources */,
				3402ED8A1F7102D100B46571 /* AppDelegate.swift in Sources */,
				526EBFFC214A083C002895A8 /* ImageTextButton.swift in Sources */,
				3416886D1F8B20A00001D8D3 /* MultipleCell.swift in Sources */,
				341688691F8B1FE20001D8D3 /* MultipleViewController.swift in Sources */,
				3416886B1F8B200A0001D8D3 /* MultipleTagView.swift in Sources */,
				3402EDBB1F7102F100B46571 /* AutoAlignView.swift in Sources */,
			);
			runOnlyForDeploymentPostprocessing = 0;
		};
		3402ED961F7102D100B46571 /* Sources */ = {
			isa = PBXSourcesBuildPhase;
			buildActionMask = 2147483647;
			files = (
				3402ED9F1F7102D100B46571 /* AutoAlignButtonDemoTests.swift in Sources */,
			);
			runOnlyForDeploymentPostprocessing = 0;
		};
		3402EDA11F7102D100B46571 /* Sources */ = {
			isa = PBXSourcesBuildPhase;
			buildActionMask = 2147483647;
			files = (
				3402EDAA1F7102D100B46571 /* AutoAlignButtonDemoUITests.swift in Sources */,
			);
			runOnlyForDeploymentPostprocessing = 0;
		};
/* End PBXSourcesBuildPhase section */

/* Begin PBXTargetDependency section */
		3402ED9C1F7102D100B46571 /* PBXTargetDependency */ = {
			isa = PBXTargetDependency;
			target = 3402ED851F7102D100B46571 /* AutoAlignButtonDemo */;
			targetProxy = 3402ED9B1F7102D100B46571 /* PBXContainerItemProxy */;
		};
		3402EDA71F7102D100B46571 /* PBXTargetDependency */ = {
			isa = PBXTargetDependency;
			target = 3402ED851F7102D100B46571 /* AutoAlignButtonDemo */;
			targetProxy = 3402EDA61F7102D100B46571 /* PBXContainerItemProxy */;
		};
/* End PBXTargetDependency section */

/* Begin XCBuildConfiguration section */
		3402EDAC1F7102D100B46571 /* Debug */ = {
			isa = XCBuildConfiguration;
			buildSettings = {
				ALWAYS_SEARCH_USER_PATHS = NO;
				CLANG_ANALYZER_NONNULL = YES;
				CLANG_ANALYZER_NUMBER_OBJECT_CONVERSION = YES_AGGRESSIVE;
				CLANG_CXX_LANGUAGE_STANDARD = "gnu++0x";
				CLANG_CXX_LIBRARY = "libc++";
				CLANG_ENABLE_MODULES = YES;
				CLANG_ENABLE_OBJC_ARC = YES;
				CLANG_WARN_BOOL_CONVERSION = YES;
				CLANG_WARN_CONSTANT_CONVERSION = YES;
				CLANG_WARN_DIRECT_OBJC_ISA_USAGE = YES_ERROR;
				CLANG_WARN_DOCUMENTATION_COMMENTS = YES;
				CLANG_WARN_EMPTY_BODY = YES;
				CLANG_WARN_ENUM_CONVERSION = YES;
				CLANG_WARN_INFINITE_RECURSION = YES;
				CLANG_WARN_INT_CONVERSION = YES;
				CLANG_WARN_OBJC_ROOT_CLASS = YES_ERROR;
				CLANG_WARN_SUSPICIOUS_MOVE = YES;
				CLANG_WARN_UNREACHABLE_CODE = YES;
				CLANG_WARN__DUPLICATE_METHOD_MATCH = YES;
				"CODE_SIGN_IDENTITY[sdk=iphoneos*]" = "iPhone Developer";
				COPY_PHASE_STRIP = NO;
				DEBUG_INFORMATION_FORMAT = dwarf;
				ENABLE_STRICT_OBJC_MSGSEND = YES;
				ENABLE_TESTABILITY = YES;
				GCC_C_LANGUAGE_STANDARD = gnu99;
				GCC_DYNAMIC_NO_PIC = NO;
				GCC_NO_COMMON_BLOCKS = YES;
				GCC_OPTIMIZATION_LEVEL = 0;
				GCC_PREPROCESSOR_DEFINITIONS = (
					"DEBUG=1",
					"$(inherited)",
				);
				GCC_WARN_64_TO_32_BIT_CONVERSION = YES;
				GCC_WARN_ABOUT_RETURN_TYPE = YES_ERROR;
				GCC_WARN_UNDECLARED_SELECTOR = YES;
				GCC_WARN_UNINITIALIZED_AUTOS = YES_AGGRESSIVE;
				GCC_WARN_UNUSED_FUNCTION = YES;
				GCC_WARN_UNUSED_VARIABLE = YES;
				IPHONEOS_DEPLOYMENT_TARGET = 10.3;
				MTL_ENABLE_DEBUG_INFO = YES;
				ONLY_ACTIVE_ARCH = YES;
				SDKROOT = iphoneos;
				SWIFT_ACTIVE_COMPILATION_CONDITIONS = DEBUG;
				SWIFT_OPTIMIZATION_LEVEL = "-Onone";
			};
			name = Debug;
		};
		3402EDAD1F7102D100B46571 /* Release */ = {
			isa = XCBuildConfiguration;
			buildSettings = {
				ALWAYS_SEARCH_USER_PATHS = NO;
				CLANG_ANALYZER_NONNULL = YES;
				CLANG_ANALYZER_NUMBER_OBJECT_CONVERSION = YES_AGGRESSIVE;
				CLANG_CXX_LANGUAGE_STANDARD = "gnu++0x";
				CLANG_CXX_LIBRARY = "libc++";
				CLANG_ENABLE_MODULES = YES;
				CLANG_ENABLE_OBJC_ARC = YES;
				CLANG_WARN_BOOL_CONVERSION = YES;
				CLANG_WARN_CONSTANT_CONVERSION = YES;
				CLANG_WARN_DIRECT_OBJC_ISA_USAGE = YES_ERROR;
				CLANG_WARN_DOCUMENTATION_COMMENTS = YES;
				CLANG_WARN_EMPTY_BODY = YES;
				CLANG_WARN_ENUM_CONVERSION = YES;
				CLANG_WARN_INFINITE_RECURSION = YES;
				CLANG_WARN_INT_CONVERSION = YES;
				CLANG_WARN_OBJC_ROOT_CLASS = YES_ERROR;
				CLANG_WARN_SUSPICIOUS_MOVE = YES;
				CLANG_WARN_UNREACHABLE_CODE = YES;
				CLANG_WARN__DUPLICATE_METHOD_MATCH = YES;
				"CODE_SIGN_IDENTITY[sdk=iphoneos*]" = "iPhone Developer";
				COPY_PHASE_STRIP = NO;
				DEBUG_INFORMATION_FORMAT = "dwarf-with-dsym";
				ENABLE_NS_ASSERTIONS = NO;
				ENABLE_STRICT_OBJC_MSGSEND = YES;
				GCC_C_LANGUAGE_STANDARD = gnu99;
				GCC_NO_COMMON_BLOCKS = YES;
				GCC_WARN_64_TO_32_BIT_CONVERSION = YES;
				GCC_WARN_ABOUT_RETURN_TYPE = YES_ERROR;
				GCC_WARN_UNDECLARED_SELECTOR = YES;
				GCC_WARN_UNINITIALIZED_AUTOS = YES_AGGRESSIVE;
				GCC_WARN_UNUSED_FUNCTION = YES;
				GCC_WARN_UNUSED_VARIABLE = YES;
				IPHONEOS_DEPLOYMENT_TARGET = 10.3;
				MTL_ENABLE_DEBUG_INFO = NO;
				SDKROOT = iphoneos;
				SWIFT_OPTIMIZATION_LEVEL = "-Owholemodule";
				VALIDATE_PRODUCT = YES;
			};
			name = Release;
		};
		3402EDAF1F7102D100B46571 /* Debug */ = {
			isa = XCBuildConfiguration;
			buildSettings = {
				ASSETCATALOG_COMPILER_APPICON_NAME = AppIcon;
				DEVELOPMENT_TEAM = 7QT42R489Z;
				INFOPLIST_FILE = AutoAlignButtonDemo/Info.plist;
				LD_RUNPATH_SEARCH_PATHS = "$(inherited) @executable_path/Frameworks";
				PRODUCT_BUNDLE_IDENTIFIER = R.S..AutoAlignButtonDemo;
				PRODUCT_NAME = "$(TARGET_NAME)";
				SWIFT_VERSION = 4.0;
			};
			name = Debug;
		};
		3402EDB01F7102D100B46571 /* Release */ = {
			isa = XCBuildConfiguration;
			buildSettings = {
				ASSETCATALOG_COMPILER_APPICON_NAME = AppIcon;
				DEVELOPMENT_TEAM = 7QT42R489Z;
				INFOPLIST_FILE = AutoAlignButtonDemo/Info.plist;
				LD_RUNPATH_SEARCH_PATHS = "$(inherited) @executable_path/Frameworks";
				PRODUCT_BUNDLE_IDENTIFIER = R.S..AutoAlignButtonDemo;
				PRODUCT_NAME = "$(TARGET_NAME)";
				SWIFT_VERSION = 4.0;
			};
			name = Release;
		};
		3402EDB21F7102D100B46571 /* Debug */ = {
			isa = XCBuildConfiguration;
			buildSettings = {
				ALWAYS_EMBED_SWIFT_STANDARD_LIBRARIES = YES;
				BUNDLE_LOADER = "$(TEST_HOST)";
				INFOPLIST_FILE = AutoAlignButtonDemoTests/Info.plist;
				LD_RUNPATH_SEARCH_PATHS = "$(inherited) @executable_path/Frameworks @loader_path/Frameworks";
				PRODUCT_BUNDLE_IDENTIFIER = R.S..AutoAlignButtonDemoTests;
				PRODUCT_NAME = "$(TARGET_NAME)";
				SWIFT_VERSION = 3.0;
				TEST_HOST = "$(BUILT_PRODUCTS_DIR)/AutoAlignButtonDemo.app/AutoAlignButtonDemo";
			};
			name = Debug;
		};
		3402EDB31F7102D100B46571 /* Release */ = {
			isa = XCBuildConfiguration;
			buildSettings = {
				ALWAYS_EMBED_SWIFT_STANDARD_LIBRARIES = YES;
				BUNDLE_LOADER = "$(TEST_HOST)";
				INFOPLIST_FILE = AutoAlignButtonDemoTests/Info.plist;
				LD_RUNPATH_SEARCH_PATHS = "$(inherited) @executable_path/Frameworks @loader_path/Frameworks";
				PRODUCT_BUNDLE_IDENTIFIER = R.S..AutoAlignButtonDemoTests;
				PRODUCT_NAME = "$(TARGET_NAME)";
				SWIFT_VERSION = 3.0;
				TEST_HOST = "$(BUILT_PRODUCTS_DIR)/AutoAlignButtonDemo.app/AutoAlignButtonDemo";
			};
			name = Release;
		};
		3402EDB51F7102D100B46571 /* Debug */ = {
			isa = XCBuildConfiguration;
			buildSettings = {
				ALWAYS_EMBED_SWIFT_STANDARD_LIBRARIES = YES;
				INFOPLIST_FILE = AutoAlignButtonDemoUITests/Info.plist;
				LD_RUNPATH_SEARCH_PATHS = "$(inherited) @executable_path/Frameworks @loader_path/Frameworks";
				PRODUCT_BUNDLE_IDENTIFIER = R.S..AutoAlignButtonDemoUITests;
				PRODUCT_NAME = "$(TARGET_NAME)";
				SWIFT_VERSION = 3.0;
				TEST_TARGET_NAME = AutoAlignButtonDemo;
			};
			name = Debug;
		};
		3402EDB61F7102D100B46571 /* Release */ = {
			isa = XCBuildConfiguration;
			buildSettings = {
				ALWAYS_EMBED_SWIFT_STANDARD_LIBRARIES = YES;
				INFOPLIST_FILE = AutoAlignButtonDemoUITests/Info.plist;
				LD_RUNPATH_SEARCH_PATHS = "$(inherited) @executable_path/Frameworks @loader_path/Frameworks";
				PRODUCT_BUNDLE_IDENTIFIER = R.S..AutoAlignButtonDemoUITests;
				PRODUCT_NAME = "$(TARGET_NAME)";
				SWIFT_VERSION = 3.0;
				TEST_TARGET_NAME = AutoAlignButtonDemo;
			};
			name = Release;
		};
/* End XCBuildConfiguration section */

/* Begin XCConfigurationList section */
		3402ED811F7102D100B46571 /* Build configuration list for PBXProject "AutoAlignButtonDemo" */ = {
			isa = XCConfigurationList;
			buildConfigurations = (
				3402EDAC1F7102D100B46571 /* Debug */,
				3402EDAD1F7102D100B46571 /* Release */,
			);
			defaultConfigurationIsVisible = 0;
			defaultConfigurationName = Release;
		};
		3402EDAE1F7102D100B46571 /* Build configuration list for PBXNativeTarget "AutoAlignButtonDemo" */ = {
			isa = XCConfigurationList;
			buildConfigurations = (
				3402EDAF1F7102D100B46571 /* Debug */,
				3402EDB01F7102D100B46571 /* Release */,
			);
			defaultConfigurationIsVisible = 0;
			defaultConfigurationName = Release;
		};
		3402EDB11F7102D100B46571 /* Build configuration list for PBXNativeTarget "AutoAlignButtonDemoTests" */ = {
			isa = XCConfigurationList;
			buildConfigurations = (
				3402EDB21F7102D100B46571 /* Debug */,
				3402EDB31F7102D100B46571 /* Release */,
			);
			defaultConfigurationIsVisible = 0;
			defaultConfigurationName = Release;
		};
		3402EDB41F7102D100B46571 /* Build configuration list for PBXNativeTarget "AutoAlignButtonDemoUITests" */ = {
			isa = XCConfigurationList;
			buildConfigurations = (
				3402EDB51F7102D100B46571 /* Debug */,
				3402EDB61F7102D100B46571 /* Release */,
			);
			defaultConfigurationIsVisible = 0;
			defaultConfigurationName = Release;
		};
/* End XCConfigurationList section */
	};
	rootObject = 3402ED7E1F7102D100B46571 /* Project object */;
}
